
Microsoft Visual Studio Solution File, Format Version 12.00
Project("{FAE04EC0-301F-11D3-BF4B-00C04F79EFBC}") = "RandomNumbers API", "RandomNumbers API.csproj", "{E74E176E-E94E-41B6-A88F-92307CF432CD}"
EndProject
Global
	GlobalSection(SolutionConfigurationPlatforms) = preSolution
		Debug|Any CPU = Debug|Any CPU
		Release|Any CPU = Release|Any CPU
	EndGlobalSection
	GlobalSection(ProjectConfigurationPlatforms) = postSolution
		{E74E176E-E94E-41B6-A88F-92307CF432CD}.Debug|Any CPU.ActiveCfg = Debug|Any CPU
		{E74E176E-E94E-41B6-A88F-92307CF432CD}.Debug|Any CPU.Build.0 = Debug|Any CPU
		{E74E176E-E94E-41B6-A88F-92307CF432CD}.Release|Any CPU.ActiveCfg = Release|Any CPU
		{E74E176E-E94E-41B6-A88F-92307CF432CD}.Release|Any CPU.Build.0 = Release|Any CPU
	EndGlobalSection
EndGlobal
